// !$*UTF8*$!
{
	archiveVersion = 1;
	classes = {
	};
	objectVersion = 60;
	objects = {

/* Begin PBXBuildFile section */
		D72B6D732BD198E000400B37 /* server in Frameworks */ = {isa = PBXBuildFile; productRef = D72B6D722BD198E000400B37 /* server */; };
		D7F1AB0F2BD19488007A9EC8 /* AppDelegate.swift in Sources */ = {isa = PBXBuildFile; fileRef = D7F1AB0E2BD19488007A9EC8 /* AppDelegate.swift */; };
		D7F1AB112BD19488007A9EC8 /* SceneDelegate.swift in Sources */ = {isa = PBXBuildFile; fileRef = D7F1AB102BD19488007A9EC8 /* SceneDelegate.swift */; };
		D7F1AB132BD19488007A9EC8 /* ViewController.swift in Sources */ = {isa = PBXBuildFile; fileRef = D7F1AB122BD19488007A9EC8 /* ViewController.swift */; };
		D7F1AB182BD19489007A9EC8 /* Assets.xcassets in Resources */ = {isa = PBXBuildFile; fileRef = D7F1AB172BD19489007A9EC8 /* Assets.xcassets */; };
		D7F1AB1B2BD19489007A9EC8 /* Base in Resources */ = {isa = PBXBuildFile; fileRef = D7F1AB1A2BD19489007A9EC8 /* Base */; };
		D7F1AB292BD1951C007A9EC8 /* SMSTestUITests.swift in Sources */ = {isa = PBXBuildFile; fileRef = D7F1AB282BD1951C007A9EC8 /* SMSTestUITests.swift */; };
/* End PBXBuildFile section */

/* Begin PBXContainerItemProxy section */
		D7F1AB2C2BD1951C007A9EC8 /* PBXContainerItemProxy */ = {
			isa = PBXContainerItemProxy;
			containerPortal = D7F1AB032BD19488007A9EC8 /* Project object */;
			proxyType = 1;
			remoteGlobalIDString = D7F1AB0A2BD19488007A9EC8;
			remoteInfo = SMSTest;
		};
/* End PBXContainerItemProxy section */

/* Begin PBXFileReference section */
		D7F1AB0B2BD19488007A9EC8 /* SMSTest.app */ = {isa = PBXFileReference; explicitFileType = wrapper.application; includeInIndex = 0; path = SMSTest.app; sourceTree = BUILT_PRODUCTS_DIR; };
		D7F1AB0E2BD19488007A9EC8 /* AppDelegate.swift */ = {isa = PBXFileReference; lastKnownFileType = sourcecode.swift; path = AppDelegate.swift; sourceTree = "<group>"; };
		D7F1AB102BD19488007A9EC8 /* SceneDelegate.swift */ = {isa = PBXFileReference; lastKnownFileType = sourcecode.swift; path = SceneDelegate.swift; sourceTree = "<group>"; };
		D7F1AB122BD19488007A9EC8 /* ViewController.swift */ = {isa = PBXFileReference; lastKnownFileType = sourcecode.swift; path = ViewController.swift; sourceTree = "<group>"; };
		D7F1AB172BD19489007A9EC8 /* Assets.xcassets */ = {isa = PBXFileReference; lastKnownFileType = folder.assetcatalog; path = Assets.xcassets; sourceTree = "<group>"; };
		D7F1AB1A2BD19489007A9EC8 /* Base */ = {isa = PBXFileReference; lastKnownFileType = file.storyboard; name = Base; path = Base.lproj/LaunchScreen.storyboard; sourceTree = "<group>"; };
		D7F1AB1C2BD19489007A9EC8 /* Info.plist */ = {isa = PBXFileReference; lastKnownFileType = text.plist.xml; path = Info.plist; sourceTree = "<group>"; };
		D7F1AB262BD1951C007A9EC8 /* SMSTestUITests.xctest */ = {isa = PBXFileReference; explicitFileType = wrapper.cfbundle; includeInIndex = 0; path = SMSTestUITests.xctest; sourceTree = BUILT_PRODUCTS_DIR; };
		D7F1AB282BD1951C007A9EC8 /* SMSTestUITests.swift */ = {isa = PBXFileReference; lastKnownFileType = sourcecode.swift; path = SMSTestUITests.swift; sourceTree = "<group>"; };
/* End PBXFileReference section */

/* Begin PBXFrameworksBuildPhase section */
		D7F1AB082BD19488007A9EC8 /* Frameworks */ = {
			isa = PBXFrameworksBuildPhase;
			buildActionMask = 2147483647;
			files = (
			);
			runOnlyForDeploymentPostprocessing = 0;
		};
		D7F1AB232BD1951C007A9EC8 /* Frameworks */ = {
			isa = PBXFrameworksBuildPhase;
			buildActionMask = 2147483647;
			files = (
				D72B6D732BD198E000400B37 /* server in Frameworks */,
			);
			runOnlyForDeploymentPostprocessing = 0;
		};
/* End PBXFrameworksBuildPhase section */

/* Begin PBXGroup section */
		D7F1AB022BD19488007A9EC8 = {
			isa = PBXGroup;
			children = (
				D7F1AB0D2BD19488007A9EC8 /* SMSTest */,
				D7F1AB272BD1951C007A9EC8 /* SMSTestUITests */,
				D7F1AB0C2BD19488007A9EC8 /* Products */,
			);
			sourceTree = "<group>";
		};
		D7F1AB0C2BD19488007A9EC8 /* Products */ = {
			isa = PBXGroup;
			children = (
				D7F1AB0B2BD19488007A9EC8 /* SMSTest.app */,
				D7F1AB262BD1951C007A9EC8 /* SMSTestUITests.xctest */,
			);
			name = Products;
			sourceTree = "<group>";
		};
		D7F1AB0D2BD19488007A9EC8 /* SMSTest */ = {
			isa = PBXGroup;
			children = (
				D7F1AB0E2BD19488007A9EC8 /* AppDelegate.swift */,
				D7F1AB102BD19488007A9EC8 /* SceneDelegate.swift */,
				D7F1AB122BD19488007A9EC8 /* ViewController.swift */,
				D7F1AB172BD19489007A9EC8 /* Assets.xcassets */,
				D7F1AB192BD19489007A9EC8 /* LaunchScreen.storyboard */,
				D7F1AB1C2BD19489007A9EC8 /* Info.plist */,
			);
			path = SMSTest;
			sourceTree = "<group>";
		};
		D7F1AB272BD1951C007A9EC8 /* SMSTestUITests */ = {
			isa = PBXGroup;
			children = (
				D7F1AB282BD1951C007A9EC8 /* SMSTestUITests.swift */,
			);
			path = SMSTestUITests;
			sourceTree = "<group>";
		};
/* End PBXGroup section */

/* Begin PBXNativeTarget section */
		D7F1AB0A2BD19488007A9EC8 /* SMSTest */ = {
			isa = PBXNativeTarget;
			buildConfigurationList = D7F1AB1F2BD19489007A9EC8 /* Build configuration list for PBXNativeTarget "SMSTest" */;
			buildPhases = (
				D7F1AB072BD19488007A9EC8 /* Sources */,
				D7F1AB082BD19488007A9EC8 /* Frameworks */,
				D7F1AB092BD19488007A9EC8 /* Resources */,
			);
			buildRules = (
			);
			dependencies = (
			);
			name = SMSTest;
			productName = SMSTest;
			productReference = D7F1AB0B2BD19488007A9EC8 /* SMSTest.app */;
			productType = "com.apple.product-type.application";
		};
		D7F1AB252BD1951C007A9EC8 /* SMSTestUITests */ = {
			isa = PBXNativeTarget;
			buildConfigurationList = D7F1AB2E2BD1951C007A9EC8 /* Build configuration list for PBXNativeTarget "SMSTestUITests" */;
			buildPhases = (
				D7F1AB222BD1951C007A9EC8 /* Sources */,
				D7F1AB232BD1951C007A9EC8 /* Frameworks */,
				D7F1AB242BD1951C007A9EC8 /* Resources */,
			);
			buildRules = (
			);
			dependencies = (
				D7F1AB2D2BD1951C007A9EC8 /* PBXTargetDependency */,
			);
			name = SMSTestUITests;
			packageProductDependencies = (
				D72B6D722BD198E000400B37 /* server */,
			);
			productName = SMSTestUITests;
			productReference = D7F1AB262BD1951C007A9EC8 /* SMSTestUITests.xctest */;
			productType = "com.apple.product-type.bundle.ui-testing";
		};
/* End PBXNativeTarget section */

/* Begin PBXProject section */
		D7F1AB032BD19488007A9EC8 /* Project object */ = {
			isa = PBXProject;
			attributes = {
				BuildIndependentTargetsInParallel = 1;
				LastSwiftUpdateCheck = 1530;
				LastUpgradeCheck = 1530;
				TargetAttributes = {
					D7F1AB0A2BD19488007A9EC8 = {
						CreatedOnToolsVersion = 15.3;
					};
					D7F1AB252BD1951C007A9EC8 = {
						CreatedOnToolsVersion = 15.3;
						TestTargetID = D7F1AB0A2BD19488007A9EC8;
					};
				};
			};
			buildConfigurationList = D7F1AB062BD19488007A9EC8 /* Build configuration list for PBXProject "SMSTest" */;
			compatibilityVersion = "Xcode 14.0";
			developmentRegion = en;
			hasScannedForEncodings = 0;
			knownRegions = (
				en,
				Base,
			);
			mainGroup = D7F1AB022BD19488007A9EC8;
			packageReferences = (
				D72B6D712BD198E000400B37 /* XCLocalSwiftPackageReference "../server" */,
			);
			productRefGroup = D7F1AB0C2BD19488007A9EC8 /* Products */;
			projectDirPath = "";
			projectRoot = "";
			targets = (
				D7F1AB0A2BD19488007A9EC8 /* SMSTest */,
				D7F1AB252BD1951C007A9EC8 /* SMSTestUITests */,
			);
		};
/* End PBXProject section */

/* Begin PBXResourcesBuildPhase section */
		D7F1AB092BD19488007A9EC8 /* Resources */ = {
			isa = PBXResourcesBuildPhase;
			buildActionMask = 2147483647;
			files = (
				D7F1AB182BD19489007A9EC8 /* Assets.xcassets in Resources */,
				D7F1AB1B2BD19489007A9EC8 /* Base in Resources */,
			);
			runOnlyForDeploymentPostprocessing = 0;
		};
		D7F1AB242BD1951C007A9EC8 /* Resources */ = {
			isa = PBXResourcesBuildPhase;
			buildActionMask = 2147483647;
			files = (
			);
			runOnlyForDeploymentPostprocessing = 0;
		};
/* End PBXResourcesBuildPhase section */

/* Begin PBXSourcesBuildPhase section */
		D7F1AB072BD19488007A9EC8 /* Sources */ = {
			isa = PBXSourcesBuildPhase;
			buildActionMask = 2147483647;
			files = (
				D7F1AB132BD19488007A9EC8 /* ViewController.swift in Sources */,
				D7F1AB0F2BD19488007A9EC8 /* AppDelegate.swift in Sources */,
				D7F1AB112BD19488007A9EC8 /* SceneDelegate.swift in Sources */,
			);
			runOnlyForDeploymentPostprocessing = 0;
		};
		D7F1AB222BD1951C007A9EC8 /* Sources */ = {
			isa = PBXSourcesBuildPhase;
			buildActionMask = 2147483647;
			files = (
				D7F1AB292BD1951C007A9EC8 /* SMSTestUITests.swift in Sources */,
			);
			runOnlyForDeploymentPostprocessing = 0;
		};
/* End PBXSourcesBuildPhase section */

/* Begin PBXTargetDependency section */
		D7F1AB2D2BD1951C007A9EC8 /* PBXTargetDependency */ = {
			isa = PBXTargetDependency;
			target = D7F1AB0A2BD19488007A9EC8 /* SMSTest */;
			targetProxy = D7F1AB2C2BD1951C007A9EC8 /* PBXContainerItemProxy */;
		};
/* End PBXTargetDependency section */

/* Begin PBXVariantGroup section */
		D7F1AB192BD19489007A9EC8 /* LaunchScreen.storyboard */ = {
			isa = PBXVariantGroup;
			children = (
				D7F1AB1A2BD19489007A9EC8 /* Base */,
			);
			name = LaunchScreen.storyboard;
			sourceTree = "<group>";
		};
/* End PBXVariantGroup section */

/* Begin XCBuildConfiguration section */
		D7F1AB1D2BD19489007A9EC8 /* Debug */ = {
			isa = XCBuildConfiguration;
			buildSettings = {
				ALWAYS_SEARCH_USER_PATHS = NO;
				ASSETCATALOG_COMPILER_GENERATE_SWIFT_ASSET_SYMBOL_EXTENSIONS = YES;
				CLANG_ANALYZER_NONNULL = YES;
				CLANG_ANALYZER_NUMBER_OBJECT_CONVERSION = YES_AGGRESSIVE;
				CLANG_CXX_LANGUAGE_STANDARD = "gnu++20";
				CLANG_ENABLE_MODULES = YES;
				CLANG_ENABLE_OBJC_ARC = YES;
				CLANG_ENABLE_OBJC_WEAK = YES;
				CLANG_WARN_BLOCK_CAPTURE_AUTORELEASING = YES;
				CLANG_WARN_BOOL_CONVERSION = YES;
				CLANG_WARN_COMMA = YES;
				CLANG_WARN_CONSTANT_CONVERSION = YES;
				CLANG_WARN_DEPRECATED_OBJC_IMPLEMENTATIONS = YES;
				CLANG_WARN_DIRECT_OBJC_ISA_USAGE = YES_ERROR;
				CLANG_WARN_DOCUMENTATION_COMMENTS = YES;
				CLANG_WARN_EMPTY_BODY = YES;
				CLANG_WARN_ENUM_CONVERSION = YES;
				CLANG_WARN_INFINITE_RECURSION = YES;
				CLANG_WARN_INT_CONVERSION = YES;
				CLANG_WARN_NON_LITERAL_NULL_CONVERSION = YES;
				CLANG_WARN_OBJC_IMPLICIT_RETAIN_SELF = YES;
				CLANG_WARN_OBJC_LITERAL_CONVERSION = YES;
				CLANG_WARN_OBJC_ROOT_CLASS = YES_ERROR;
				CLANG_WARN_QUOTED_INCLUDE_IN_FRAMEWORK_HEADER = YES;
				CLANG_WARN_RANGE_LOOP_ANALYSIS = YES;
				CLANG_WARN_STRICT_PROTOTYPES = YES;
				CLANG_WARN_SUSPICIOUS_MOVE = YES;
				CLANG_WARN_UNGUARDED_AVAILABILITY = YES_AGGRESSIVE;
				CLANG_WARN_UNREACHABLE_CODE = YES;
				CLANG_WARN__DUPLICATE_METHOD_MATCH = YES;
				COPY_PHASE_STRIP = NO;
				DEBUG_INFORMATION_FORMAT = dwarf;
				ENABLE_STRICT_OBJC_MSGSEND = YES;
				ENABLE_TESTABILITY = YES;
				ENABLE_USER_SCRIPT_SANDBOXING = YES;
				GCC_C_LANGUAGE_STANDARD = gnu17;
				GCC_DYNAMIC_NO_PIC = NO;
				GCC_NO_COMMON_BLOCKS = YES;
				GCC_OPTIMIZATION_LEVEL = 0;
				GCC_PREPROCESSOR_DEFINITIONS = (
					"DEBUG=1",
					"$(inherited)",
				);
				GCC_WARN_64_TO_32_BIT_CONVERSION = YES;
				GCC_WARN_ABOUT_RETURN_TYPE = YES_ERROR;
				GCC_WARN_UNDECLARED_SELECTOR = YES;
				GCC_WARN_UNINITIALIZED_AUTOS = YES_AGGRESSIVE;
				GCC_WARN_UNUSED_FUNCTION = YES;
				GCC_WARN_UNUSED_VARIABLE = YES;
				IPHONEOS_DEPLOYMENT_TARGET = 15.0;
				LOCALIZATION_PREFERS_STRING_CATALOGS = YES;
				MTL_ENABLE_DEBUG_INFO = INCLUDE_SOURCE;
				MTL_FAST_MATH = YES;
				ONLY_ACTIVE_ARCH = YES;
				SDKROOT = iphoneos;
				SWIFT_ACTIVE_COMPILATION_CONDITIONS = "DEBUG $(inherited)";
				SWIFT_OPTIMIZATION_LEVEL = "-Onone";
			};
			name = Debug;
		};
		D7F1AB1E2BD19489007A9EC8 /* Release */ = {
			isa = XCBuildConfiguration;
			buildSettings = {
				ALWAYS_SEARCH_USER_PATHS = NO;
				ASSETCATALOG_COMPILER_GENERATE_SWIFT_ASSET_SYMBOL_EXTENSIONS = YES;
				CLANG_ANALYZER_NONNULL = YES;
				CLANG_ANALYZER_NUMBER_OBJECT_CONVERSION = YES_AGGRESSIVE;
				CLANG_CXX_LANGUAGE_STANDARD = "gnu++20";
				CLANG_ENABLE_MODULES = YES;
				CLANG_ENABLE_OBJC_ARC = YES;
				CLANG_ENABLE_OBJC_WEAK = YES;
				CLANG_WARN_BLOCK_CAPTURE_AUTORELEASING = YES;
				CLANG_WARN_BOOL_CONVERSION = YES;
				CLANG_WARN_COMMA = YES;
				CLANG_WARN_CONSTANT_CONVERSION = YES;
				CLANG_WARN_DEPRECATED_OBJC_IMPLEMENTATIONS = YES;
				CLANG_WARN_DIRECT_OBJC_ISA_USAGE = YES_ERROR;
				CLANG_WARN_DOCUMENTATION_COMMENTS = YES;
				CLANG_WARN_EMPTY_BODY = YES;
				CLANG_WARN_ENUM_CONVERSION = YES;
				CLANG_WARN_INFINITE_RECURSION = YES;
				CLANG_WARN_INT_CONVERSION = YES;
				CLANG_WARN_NON_LITERAL_NULL_CONVERSION = YES;
				CLANG_WARN_OBJC_IMPLICIT_RETAIN_SELF = YES;
				CLANG_WARN_OBJC_LITERAL_CONVERSION = YES;
				CLANG_WARN_OBJC_ROOT_CLASS = YES_ERROR;
				CLANG_WARN_QUOTED_INCLUDE_IN_FRAMEWORK_HEADER = YES;
				CLANG_WARN_RANGE_LOOP_ANALYSIS = YES;
				CLANG_WARN_STRICT_PROTOTYPES = YES;
				CLANG_WARN_SUSPICIOUS_MOVE = YES;
				CLANG_WARN_UNGUARDED_AVAILABILITY = YES_AGGRESSIVE;
				CLANG_WARN_UNREACHABLE_CODE = YES;
				CLANG_WARN__DUPLICATE_METHOD_MATCH = YES;
				COPY_PHASE_STRIP = NO;
				DEBUG_INFORMATION_FORMAT = "dwarf-with-dsym";
				ENABLE_NS_ASSERTIONS = NO;
				ENABLE_STRICT_OBJC_MSGSEND = YES;
				ENABLE_USER_SCRIPT_SANDBOXING = YES;
				GCC_C_LANGUAGE_STANDARD = gnu17;
				GCC_NO_COMMON_BLOCKS = YES;
				GCC_WARN_64_TO_32_BIT_CONVERSION = YES;
				GCC_WARN_ABOUT_RETURN_TYPE = YES_ERROR;
				GCC_WARN_UNDECLARED_SELECTOR = YES;
				GCC_WARN_UNINITIALIZED_AUTOS = YES_AGGRESSIVE;
				GCC_WARN_UNUSED_FUNCTION = YES;
				GCC_WARN_UNUSED_VARIABLE = YES;
				IPHONEOS_DEPLOYMENT_TARGET = 15.0;
				LOCALIZATION_PREFERS_STRING_CATALOGS = YES;
				MTL_ENABLE_DEBUG_INFO = NO;
				MTL_FAST_MATH = YES;
				SDKROOT = iphoneos;
				SWIFT_COMPILATION_MODE = wholemodule;
				VALIDATE_PRODUCT = YES;
			};
			name = Release;
		};
		D7F1AB202BD19489007A9EC8 /* Debug */ = {
			isa = XCBuildConfiguration;
			buildSettings = {
				ASSETCATALOG_COMPILER_APPICON_NAME = AppIcon;
				ASSETCATALOG_COMPILER_GLOBAL_ACCENT_COLOR_NAME = AccentColor;
				CODE_SIGN_STYLE = Automatic;
				CURRENT_PROJECT_VERSION = 1;
				DEVELOPMENT_TEAM = MCDN9CN39F;
				GENERATE_INFOPLIST_FILE = YES;
				INFOPLIST_FILE = SMSTest/Info.plist;
				INFOPLIST_KEY_UIApplicationSupportsIndirectInputEvents = YES;
				INFOPLIST_KEY_UILaunchStoryboardName = LaunchScreen;
				INFOPLIST_KEY_UISupportedInterfaceOrientations_iPad = "UIInterfaceOrientationPortrait UIInterfaceOrientationPortraitUpsideDown UIInterfaceOrientationLandscapeLeft UIInterfaceOrientationLandscapeRight";
				INFOPLIST_KEY_UISupportedInterfaceOrientations_iPhone = "UIInterfaceOrientationPortrait UIInterfaceOrientationLandscapeLeft UIInterfaceOrientationLandscapeRight";
				LD_RUNPATH_SEARCH_PATHS = (
					"$(inherited)",
					"@executable_path/Frameworks",
				);
				MARKETING_VERSION = 1.0;
				PRODUCT_BUNDLE_IDENTIFIER = com.tmcmbio.SMSTest;
				PRODUCT_NAME = "$(TARGET_NAME)";
				SWIFT_EMIT_LOC_STRINGS = YES;
				SWIFT_VERSION = 5.0;
				TARGETED_DEVICE_FAMILY = "1,2";
			};
			name = Debug;
		};
		D7F1AB212BD19489007A9EC8 /* Release */ = {
			isa = XCBuildConfiguration;
			buildSettings = {
				ASSETCATALOG_COMPILER_APPICON_NAME = AppIcon;
				ASSETCATALOG_COMPILER_GLOBAL_ACCENT_COLOR_NAME = AccentColor;
				CODE_SIGN_STYLE = Automatic;
				CURRENT_PROJECT_VERSION = 1;
				DEVELOPMENT_TEAM = MCDN9CN39F;
				GENERATE_INFOPLIST_FILE = YES;
				INFOPLIST_FILE = SMSTest/Info.plist;
				INFOPLIST_KEY_UIApplicationSupportsIndirectInputEvents = YES;
				INFOPLIST_KEY_UILaunchStoryboardName = LaunchScreen;
				INFOPLIST_KEY_UISupportedInterfaceOrientations_iPad = "UIInterfaceOrientationPortrait UIInterfaceOrientationPortraitUpsideDown UIInterfaceOrientationLandscapeLeft UIInterfaceOrientationLandscapeRight";
				INFOPLIST_KEY_UISupportedInterfaceOrientations_iPhone = "UIInterfaceOrientationPortrait UIInterfaceOrientationLandscapeLeft UIInterfaceOrientationLandscapeRight";
				LD_RUNPATH_SEARCH_PATHS = (
					"$(inherited)",
					"@executable_path/Frameworks",
				);
				MARKETING_VERSION = 1.0;
				PRODUCT_BUNDLE_IDENTIFIER = com.tmcmbio.SMSTest;
				PRODUCT_NAME = "$(TARGET_NAME)";
				SWIFT_EMIT_LOC_STRINGS = YES;
				SWIFT_VERSION = 5.0;
				TARGETED_DEVICE_FAMILY = "1,2";
			};
			name = Release;
		};
		D7F1AB2F2BD1951C007A9EC8 /* Debug */ = {
			isa = XCBuildConfiguration;
			buildSettings = {
				CODE_SIGN_STYLE = Automatic;
				CURRENT_PROJECT_VERSION = 1;
				DEVELOPMENT_TEAM = MCDN9CN39F;
				GENERATE_INFOPLIST_FILE = YES;
				IPHONEOS_DEPLOYMENT_TARGET = 17.0;
				MARKETING_VERSION = 1.0;
				PRODUCT_BUNDLE_IDENTIFIER = com.tmcmbio.SMSTestUITests;
				PRODUCT_NAME = "$(TARGET_NAME)";
				SWIFT_EMIT_LOC_STRINGS = NO;
				SWIFT_VERSION = 5.0;
				TARGETED_DEVICE_FAMILY = "1,2";
				TEST_TARGET_NAME = SMSTest;
			};
			name = Debug;
		};
		D7F1AB302BD1951C007A9EC8 /* Release */ = {
			isa = XCBuildConfiguration;
			buildSettings = {
				CODE_SIGN_STYLE = Automatic;
				CURRENT_PROJECT_VERSION = 1;
				DEVELOPMENT_TEAM = MCDN9CN39F;
				GENERATE_INFOPLIST_FILE = YES;
				IPHONEOS_DEPLOYMENT_TARGET = 17.0;
				MARKETING_VERSION = 1.0;
				PRODUCT_BUNDLE_IDENTIFIER = com.tmcmbio.SMSTestUITests;
				PRODUCT_NAME = "$(TARGET_NAME)";
				SWIFT_EMIT_LOC_STRINGS = NO;
				SWIFT_VERSION = 5.0;
				TARGETED_DEVICE_FAMILY = "1,2";
				TEST_TARGET_NAME = SMSTest;
			};
			name = Release;
		};
/* End XCBuildConfiguration section */

/* Begin XCConfigurationList section */
		D7F1AB062BD19488007A9EC8 /* Build configuration list for PBXProject "SMSTest" */ = {
			isa = XCConfigurationList;
			buildConfigurations = (
				D7F1AB1D2BD19489007A9EC8 /* Debug */,
				D7F1AB1E2BD19489007A9EC8 /* Release */,
			);
			defaultConfigurationIsVisible = 0;
			defaultConfigurationName = Release;
		};
		D7F1AB1F2BD19489007A9EC8 /* Build configuration list for PBXNativeTarget "SMSTest" */ = {
			isa = XCConfigurationList;
			buildConfigurations = (
				D7F1AB202BD19489007A9EC8 /* Debug */,
				D7F1AB212BD19489007A9EC8 /* Release */,
			);
			defaultConfigurationIsVisible = 0;
			defaultConfigurationName = Release;
		};
		D7F1AB2E2BD1951C007A9EC8 /* Build configuration list for PBXNativeTarget "SMSTestUITests" */ = {
			isa = XCConfigurationList;
			buildConfigurations = (
				D7F1AB2F2BD1951C007A9EC8 /* Debug */,
				D7F1AB302BD1951C007A9EC8 /* Release */,
			);
			defaultConfigurationIsVisible = 0;
			defaultConfigurationName = Release;
		};
/* End XCConfigurationList section */

/* Begin XCLocalSwiftPackageReference section */
		D72B6D712BD198E000400B37 /* XCLocalSwiftPackageReference "../server" */ = {
			isa = XCLocalSwiftPackageReference;
			relativePath = ../server;
		};
/* End XCLocalSwiftPackageReference section */

/* Begin XCSwiftPackageProductDependency section */
		D72B6D722BD198E000400B37 /* server */ = {
			isa = XCSwiftPackageProductDependency;
			productName = server;
		};
/* End XCSwiftPackageProductDependency section */
	};
	rootObject = D7F1AB032BD19488007A9EC8 /* Project object */;
}
